
Microsoft Visual Studio Solution File, Format Version 12.00
# Visual Studio Version 17
VisualStudioVersion = 17.11.35312.102
MinimumVisualStudioVersion = 10.0.40219.1
Project("{FAE04EC0-301F-11D3-BF4B-00C04F79EFBC}") = "RentARide", "RentARide.csproj", "{B2AB704A-EFFA-4367-8DB4-54E5B10F29AB}"
EndProject
Project("{FAE04EC0-301F-11D3-BF4B-00C04F79EFBC}") = "RentARide.Core", "..\RentARide.Core\RentARide.Core.csproj", "{614054F6-1F5D-46B0-A75D-BB25727F3083}"
EndProject
Project("{FAE04EC0-301F-11D3-BF4B-00C04F79EFBC}") = "RentARide.Infrastructure", "..\RentARide.Infrastructure\RentARide.Infrastructure.csproj", "{EA20DEDC-10FD-4B3C-AEE3-696BFE689E48}"
EndProject
Global
	GlobalSection(SolutionConfigurationPlatforms) = preSolution
		Debug|Any CPU = Debug|Any CPU
		Release|Any CPU = Release|Any CPU
	EndGlobalSection
	GlobalSection(ProjectConfigurationPlatforms) = postSolution
		{B2AB704A-EFFA-4367-8DB4-54E5B10F29AB}.Debug|Any CPU.ActiveCfg = Debug|Any CPU
		{B2AB704A-EFFA-4367-8DB4-54E5B10F29AB}.Debug|Any CPU.Build.0 = Debug|Any CPU
		{B2AB704A-EFFA-4367-8DB4-54E5B10F29AB}.Release|Any CPU.ActiveCfg = Release|Any CPU
		{B2AB704A-EFFA-4367-8DB4-54E5B10F29AB}.Release|Any CPU.Build.0 = Release|Any CPU
		{614054F6-1F5D-46B0-A75D-BB25727F3083}.Debug|Any CPU.ActiveCfg = Debug|Any CPU
		{614054F6-1F5D-46B0-A75D-BB25727F3083}.Debug|Any CPU.Build.0 = Debug|Any CPU
		{614054F6-1F5D-46B0-A75D-BB25727F3083}.Release|Any CPU.ActiveCfg = Release|Any CPU
		{614054F6-1F5D-46B0-A75D-BB25727F3083}.Release|Any CPU.Build.0 = Release|Any CPU
		{EA20DEDC-10FD-4B3C-AEE3-696BFE689E48}.Debug|Any CPU.ActiveCfg = Debug|Any CPU
		{EA20DEDC-10FD-4B3C-AEE3-696BFE689E48}.Debug|Any CPU.Build.0 = Debug|Any CPU
		{EA20DEDC-10FD-4B3C-AEE3-696BFE689E48}.Release|Any CPU.ActiveCfg = Release|Any CPU
		{EA20DEDC-10FD-4B3C-AEE3-696BFE689E48}.Release|Any CPU.Build.0 = Release|Any CPU
	EndGlobalSection
	GlobalSection(SolutionProperties) = preSolution
		HideSolutionNode = FALSE
	EndGlobalSection
	GlobalSection(ExtensibilityGlobals) = postSolution
		SolutionGuid = {12E245B6-6832-4112-BBEB-DE401FC7A5FE}
	EndGlobalSection
EndGlobal
